
Microsoft Visual Studio Solution File, Format Version 12.00
# Visual Studio Version 16
VisualStudioVersion = 16.0.36422.26
MinimumVisualStudioVersion = 10.0.40219.1
Project("{2150E333-8FDC-42A3-9474-1A3956D46DE8}") = "Task0", "Task0", "{06F38116-4EDD-448B-949B-5505F21753BC}"
EndProject
Project("{FAE04EC0-301F-11D3-BF4B-00C04F79EFBC}") = "Tyuiu.GaninAS.Sprint0.Task0.V0", "Tyuiu.GaninAS.Sprint0.Task0.V0\Tyuiu.GaninAS.Sprint0.Task0.V0.csproj", "{2E7FB363-B263-4DB2-A853-B59143ED96FE}"
EndProject
Project("{2150E333-8FDC-42A3-9474-1A3956D46DE8}") = "task1", "task1", "{FB42C9CA-37BB-4E97-8BF1-8892D5300253}"
EndProject
Project("{FAE04EC0-301F-11D3-BF4B-00C04F79EFBC}") = "Tyuiu.GaninAS.Sprint0.Task1.V0", "Tyuiu.GaninAS.Sprint0.Task1.V0\Tyuiu.GaninAS.Sprint0.Task1.V0.csproj", "{F6B31420-1068-40C8-9121-744A770ED592}"
EndProject
Project("{2150E333-8FDC-42A3-9474-1A3956D46DE8}") = "Solution Items", "Solution Items", "{AAA912A4-B6EC-48C1-B640-99A7109DB921}"
	ProjectSection(SolutionItems) = preProject
		.editorconfig = .editorconfig
	EndProjectSection
EndProject
Project("{2150E333-8FDC-42A3-9474-1A3956D46DE8}") = "Task2", "Task2", "{B7B27F4F-8F84-4586-8982-699245A57BDD}"
EndProject
Project("{FAE04EC0-301F-11D3-BF4B-00C04F79EFBC}") = "Tyuiu.GaninAS.Sprint0.Task2.V0", "Tyuiu.GaninAS.Sprint0.Task2.V0\Tyuiu.GaninAS.Sprint0.Task2.V0.csproj", "{5B397BD5-62E3-477A-BC99-83757CAAE0BC}"
EndProject
Project("{FAE04EC0-301F-11D3-BF4B-00C04F79EFBC}") = "Tyuiu.GaninAS.Sprint0.Task2.V0.Lib", "Tyuiu.GaninAS.Sprint0.Task2.V0.Lib\Tyuiu.GaninAS.Sprint0.Task2.V0.Lib.csproj", "{2957C93A-5910-47C7-AC53-73C962AF3F29}"
EndProject
Project("{FAE04EC0-301F-11D3-BF4B-00C04F79EFBC}") = "Tyuiu.GaninAS.Sprint0.Task2.V0.Test", "Tyuiu.GaninAS.Sprint0.Task2.V0.Test\Tyuiu.GaninAS.Sprint0.Task2.V0.Test.csproj", "{601017AE-C74B-4F7D-B9E2-715E2EE21C80}"
EndProject
Project("{2150E333-8FDC-42A3-9474-1A3956D46DE8}") = "Task3", "Task3", "{A7F7FAF2-D0CB-4376-91EF-EFDDFE31F6CC}"
EndProject
Project("{FAE04EC0-301F-11D3-BF4B-00C04F79EFBC}") = "Tyuiu.GaninAS.Sprint0.Task3.V0", "Tyuiu.GaninAS.Sprint0.Task3.V0\Tyuiu.GaninAS.Sprint0.Task3.V0.csproj", "{A07A8C07-20EE-4866-8D30-5B6724914CB9}"
EndProject
Project("{FAE04EC0-301F-11D3-BF4B-00C04F79EFBC}") = "Tyuiu.GaninAS.Sprint0.Task3.V0.Lib", "Tyuiu.GaninAS.Sprint0.Task3.V0.Lib\Tyuiu.GaninAS.Sprint0.Task3.V0.Lib.csproj", "{FCD27660-AD00-4A5C-BD09-5AF45D515DBF}"
EndProject
Project("{FAE04EC0-301F-11D3-BF4B-00C04F79EFBC}") = "Tyuiu.GaninAS.Sprint0.Task3.V0.Test", "Tyuiu.GaninAS.Sprint0.Task3.V0.Test\Tyuiu.GaninAS.Sprint0.Task3.V0.Test.csproj", "{C2B2BC3F-8382-4DF9-B81B-18882C74BD9B}"
EndProject
Project("{2150E333-8FDC-42A3-9474-1A3956D46DE8}") = "Task4", "Task4", "{6AC261D7-C871-4E48-AA2D-4FB4AEF11FD6}"
EndProject
Project("{FAE04EC0-301F-11D3-BF4B-00C04F79EFBC}") = "Tyuiu.GaninAS.Sprint0.Task4.V0", "Tyuiu.GaninAS.Sprint0.Task4.V0\Tyuiu.GaninAS.Sprint0.Task4.V0.csproj", "{DA8AECA7-99BB-4D23-95B4-4B4FDCDD0E8E}"
EndProject
Project("{FAE04EC0-301F-11D3-BF4B-00C04F79EFBC}") = "Tyuiu.GaninAS.Sprint0.Task4.V0.Lib", "Tyuiu.GaninAS.Sprint0.Task4.V0.Lib\Tyuiu.GaninAS.Sprint0.Task4.V0.Lib.csproj", "{32D3D244-5910-463A-AE0D-6DBAC7C9FCB7}"
EndProject
Project("{FAE04EC0-301F-11D3-BF4B-00C04F79EFBC}") = "Tyuiu.GaninAS.Sprint0.Task4.V0.Test", "Tyuiu.GaninAS.Sprint0.Task4.V0.Test\Tyuiu.GaninAS.Sprint0.Task4.V0.Test.csproj", "{3FF643B4-7F9A-43D1-9A24-852C5E544C6B}"
EndProject
Project("{2150E333-8FDC-42A3-9474-1A3956D46DE8}") = "Task5", "Task5", "{30739FC5-B428-4A21-9CCA-472C3F1D72CA}"
EndProject
Project("{FAE04EC0-301F-11D3-BF4B-00C04F79EFBC}") = "Tyuiu.GaninAS.Sprint0.Task5.V0", "Tyuiu.GaninAS.Sprint0.Task5.V0\Tyuiu.GaninAS.Sprint0.Task5.V0.csproj", "{6F71F5B2-A21F-4DCA-903D-4EEFB87513EA}"
EndProject
Project("{FAE04EC0-301F-11D3-BF4B-00C04F79EFBC}") = "Tyuiu.GaninAS.Sprint0.Task5.V0.Lib", "Tyuiu.GaninAS.Sprint0.Task5.V0.Lib\Tyuiu.GaninAS.Sprint0.Task5.V0.Lib.csproj", "{D411E1A6-F041-4BD9-853A-7E57514F5C06}"
EndProject
Project("{FAE04EC0-301F-11D3-BF4B-00C04F79EFBC}") = "Tyuiu.GaninAS.Sprint0.Task5.V0.Test", "Tyuiu.GaninAS.Sprint0.Task5.V0.Test\Tyuiu.GaninAS.Sprint0.Task5.V0.Test.csproj", "{0D03B05D-BE87-4283-B193-DD9E3AF31AC6}"
EndProject
Project("{2150E333-8FDC-42A3-9474-1A3956D46DE8}") = "Task 6", "Task 6", "{3DF37918-6520-4AEC-BAF9-EB9A58FB63CD}"
EndProject
Project("{FAE04EC0-301F-11D3-BF4B-00C04F79EFBC}") = "Tyuiu.GaninAS.Sprint0.Task6.V0", "Tyuiu.GaninAS.Sprint0.Task6.V0\Tyuiu.GaninAS.Sprint0.Task6.V0.csproj", "{D5881B4D-9FBF-44EE-98D3-C4AB08C4C025}"
EndProject
Project("{FAE04EC0-301F-11D3-BF4B-00C04F79EFBC}") = "Tyuiu.GaninAS.Sprint0.Task6.V0.Lib", "Tyuiu.GaninAS.Sprint0.Task6.V0.Lib\Tyuiu.GaninAS.Sprint0.Task6.V0.Lib.csproj", "{81801385-D8B1-4C5F-BE70-5517E9F5C92E}"
EndProject
Project("{FAE04EC0-301F-11D3-BF4B-00C04F79EFBC}") = "Tyuiu.GaninAS.Sprint0.Task6.V0.Test", "Tyuiu.GaninAS.Sprint0.Task6.V0.Test\Tyuiu.GaninAS.Sprint0.Task6.V0.Test.csproj", "{24959DE4-F473-4B58-B7A9-F9588302AD8C}"
EndProject
Project("{2150E333-8FDC-42A3-9474-1A3956D46DE8}") = "Task7", "Task7", "{0E97A789-0ECC-4335-88C3-9033AC95E91D}"
EndProject
Project("{FAE04EC0-301F-11D3-BF4B-00C04F79EFBC}") = "Tyuiu.GaninAS.Sprint0.Task7.V0", "Tyuiu.GaninAS.Sprint0.Task7.V0\Tyuiu.GaninAS.Sprint0.Task7.V0.csproj", "{1973EB2A-6073-4DE1-9E3A-30D36A758667}"
EndProject
Project("{FAE04EC0-301F-11D3-BF4B-00C04F79EFBC}") = "Tyuiu.GaninAS.Sprint0.Task7.V0.Lib", "Tyuiu.GaninAS.Sprint0.Task7.V0.Lib\Tyuiu.GaninAS.Sprint0.Task7.V0.Lib.csproj", "{AE2CC321-5EEA-4144-B9D1-69FF7AF852CC}"
EndProject
Project("{FAE04EC0-301F-11D3-BF4B-00C04F79EFBC}") = "Tyuiu.GaninAS.Sprint0.Task7.V0.Test", "Tyuiu.GaninAS.Sprint0.Task7.V0.Test\Tyuiu.GaninAS.Sprint0.Task7.V0.Test.csproj", "{EF56063A-44A7-4EC3-BA24-D9AECC8B7456}"
EndProject
Global
	GlobalSection(SolutionConfigurationPlatforms) = preSolution
		Debug|Any CPU = Debug|Any CPU
		Release|Any CPU = Release|Any CPU
	EndGlobalSection
	GlobalSection(ProjectConfigurationPlatforms) = postSolution
		{2E7FB363-B263-4DB2-A853-B59143ED96FE}.Debug|Any CPU.ActiveCfg = Debug|Any CPU
		{2E7FB363-B263-4DB2-A853-B59143ED96FE}.Debug|Any CPU.Build.0 = Debug|Any CPU
		{2E7FB363-B263-4DB2-A853-B59143ED96FE}.Release|Any CPU.ActiveCfg = Release|Any CPU
		{2E7FB363-B263-4DB2-A853-B59143ED96FE}.Release|Any CPU.Build.0 = Release|Any CPU
		{F6B31420-1068-40C8-9121-744A770ED592}.Debug|Any CPU.ActiveCfg = Debug|Any CPU
		{F6B31420-1068-40C8-9121-744A770ED592}.Debug|Any CPU.Build.0 = Debug|Any CPU
		{F6B31420-1068-40C8-9121-744A770ED592}.Release|Any CPU.ActiveCfg = Release|Any CPU
		{F6B31420-1068-40C8-9121-744A770ED592}.Release|Any CPU.Build.0 = Release|Any CPU
		{5B397BD5-62E3-477A-BC99-83757CAAE0BC}.Debug|Any CPU.ActiveCfg = Debug|Any CPU
		{5B397BD5-62E3-477A-BC99-83757CAAE0BC}.Debug|Any CPU.Build.0 = Debug|Any CPU
		{5B397BD5-62E3-477A-BC99-83757CAAE0BC}.Release|Any CPU.ActiveCfg = Release|Any CPU
		{5B397BD5-62E3-477A-BC99-83757CAAE0BC}.Release|Any CPU.Build.0 = Release|Any CPU
		{2957C93A-5910-47C7-AC53-73C962AF3F29}.Debug|Any CPU.ActiveCfg = Debug|Any CPU
		{2957C93A-5910-47C7-AC53-73C962AF3F29}.Debug|Any CPU.Build.0 = Debug|Any CPU
		{2957C93A-5910-47C7-AC53-73C962AF3F29}.Release|Any CPU.ActiveCfg = Release|Any CPU
		{2957C93A-5910-47C7-AC53-73C962AF3F29}.Release|Any CPU.Build.0 = Release|Any CPU
		{601017AE-C74B-4F7D-B9E2-715E2EE21C80}.Debug|Any CPU.ActiveCfg = Debug|Any CPU
		{601017AE-C74B-4F7D-B9E2-715E2EE21C80}.Debug|Any CPU.Build.0 = Debug|Any CPU
		{601017AE-C74B-4F7D-B9E2-715E2EE21C80}.Release|Any CPU.ActiveCfg = Release|Any CPU
		{601017AE-C74B-4F7D-B9E2-715E2EE21C80}.Release|Any CPU.Build.0 = Release|Any CPU
		{A07A8C07-20EE-4866-8D30-5B6724914CB9}.Debug|Any CPU.ActiveCfg = Debug|Any CPU
		{A07A8C07-20EE-4866-8D30-5B6724914CB9}.Debug|Any CPU.Build.0 = Debug|Any CPU
		{A07A8C07-20EE-4866-8D30-5B6724914CB9}.Release|Any CPU.ActiveCfg = Release|Any CPU
		{A07A8C07-20EE-4866-8D30-5B6724914CB9}.Release|Any CPU.Build.0 = Release|Any CPU
		{FCD27660-AD00-4A5C-BD09-5AF45D515DBF}.Debug|Any CPU.ActiveCfg = Debug|Any CPU
		{FCD27660-AD00-4A5C-BD09-5AF45D515DBF}.Debug|Any CPU.Build.0 = Debug|Any CPU
		{FCD27660-AD00-4A5C-BD09-5AF45D515DBF}.Release|Any CPU.ActiveCfg = Release|Any CPU
		{FCD27660-AD00-4A5C-BD09-5AF45D515DBF}.Release|Any CPU.Build.0 = Release|Any CPU
		{C2B2BC3F-8382-4DF9-B81B-18882C74BD9B}.Debug|Any CPU.ActiveCfg = Debug|Any CPU
		{C2B2BC3F-8382-4DF9-B81B-18882C74BD9B}.Debug|Any CPU.Build.0 = Debug|Any CPU
		{C2B2BC3F-8382-4DF9-B81B-18882C74BD9B}.Release|Any CPU.ActiveCfg = Release|Any CPU
		{C2B2BC3F-8382-4DF9-B81B-18882C74BD9B}.Release|Any CPU.Build.0 = Release|Any CPU
		{DA8AECA7-99BB-4D23-95B4-4B4FDCDD0E8E}.Debug|Any CPU.ActiveCfg = Debug|Any CPU
		{DA8AECA7-99BB-4D23-95B4-4B4FDCDD0E8E}.Debug|Any CPU.Build.0 = Debug|Any CPU
		{DA8AECA7-99BB-4D23-95B4-4B4FDCDD0E8E}.Release|Any CPU.ActiveCfg = Release|Any CPU
		{DA8AECA7-99BB-4D23-95B4-4B4FDCDD0E8E}.Release|Any CPU.Build.0 = Release|Any CPU
		{32D3D244-5910-463A-AE0D-6DBAC7C9FCB7}.Debug|Any CPU.ActiveCfg = Debug|Any CPU
		{32D3D244-5910-463A-AE0D-6DBAC7C9FCB7}.Debug|Any CPU.Build.0 = Debug|Any CPU
		{32D3D244-5910-463A-AE0D-6DBAC7C9FCB7}.Release|Any CPU.ActiveCfg = Release|Any CPU
		{32D3D244-5910-463A-AE0D-6DBAC7C9FCB7}.Release|Any CPU.Build.0 = Release|Any CPU
		{3FF643B4-7F9A-43D1-9A24-852C5E544C6B}.Debug|Any CPU.ActiveCfg = Debug|Any CPU
		{3FF643B4-7F9A-43D1-9A24-852C5E544C6B}.Debug|Any CPU.Build.0 = Debug|Any CPU
		{3FF643B4-7F9A-43D1-9A24-852C5E544C6B}.Release|Any CPU.ActiveCfg = Release|Any CPU
		{3FF643B4-7F9A-43D1-9A24-852C5E544C6B}.Release|Any CPU.Build.0 = Release|Any CPU
		{6F71F5B2-A21F-4DCA-903D-4EEFB87513EA}.Debug|Any CPU.ActiveCfg = Debug|Any CPU
		{6F71F5B2-A21F-4DCA-903D-4EEFB87513EA}.Debug|Any CPU.Build.0 = Debug|Any CPU
		{6F71F5B2-A21F-4DCA-903D-4EEFB87513EA}.Release|Any CPU.ActiveCfg = Release|Any CPU
		{6F71F5B2-A21F-4DCA-903D-4EEFB87513EA}.Release|Any CPU.Build.0 = Release|Any CPU
		{D411E1A6-F041-4BD9-853A-7E57514F5C06}.Debug|Any CPU.ActiveCfg = Debug|Any CPU
		{D411E1A6-F041-4BD9-853A-7E57514F5C06}.Debug|Any CPU.Build.0 = Debug|Any CPU
		{D411E1A6-F041-4BD9-853A-7E57514F5C06}.Release|Any CPU.ActiveCfg = Release|Any CPU
		{D411E1A6-F041-4BD9-853A-7E57514F5C06}.Release|Any CPU.Build.0 = Release|Any CPU
		{0D03B05D-BE87-4283-B193-DD9E3AF31AC6}.Debug|Any CPU.ActiveCfg = Debug|Any CPU
		{0D03B05D-BE87-4283-B193-DD9E3AF31AC6}.Debug|Any CPU.Build.0 = Debug|Any CPU
		{0D03B05D-BE87-4283-B193-DD9E3AF31AC6}.Release|Any CPU.ActiveCfg = Release|Any CPU
		{0D03B05D-BE87-4283-B193-DD9E3AF31AC6}.Release|Any CPU.Build.0 = Release|Any CPU
		{D5881B4D-9FBF-44EE-98D3-C4AB08C4C025}.Debug|Any CPU.ActiveCfg = Debug|Any CPU
		{D5881B4D-9FBF-44EE-98D3-C4AB08C4C025}.Debug|Any CPU.Build.0 = Debug|Any CPU
		{D5881B4D-9FBF-44EE-98D3-C4AB08C4C025}.Release|Any CPU.ActiveCfg = Release|Any CPU
		{D5881B4D-9FBF-44EE-98D3-C4AB08C4C025}.Release|Any CPU.Build.0 = Release|Any CPU
		{81801385-D8B1-4C5F-BE70-5517E9F5C92E}.Debug|Any CPU.ActiveCfg = Debug|Any CPU
		{81801385-D8B1-4C5F-BE70-5517E9F5C92E}.Debug|Any CPU.Build.0 = Debug|Any CPU
		{81801385-D8B1-4C5F-BE70-5517E9F5C92E}.Release|Any CPU.ActiveCfg = Release|Any CPU
		{81801385-D8B1-4C5F-BE70-5517E9F5C92E}.Release|Any CPU.Build.0 = Release|Any CPU
		{24959DE4-F473-4B58-B7A9-F9588302AD8C}.Debug|Any CPU.ActiveCfg = Debug|Any CPU
		{24959DE4-F473-4B58-B7A9-F9588302AD8C}.Debug|Any CPU.Build.0 = Debug|Any CPU
		{24959DE4-F473-4B58-B7A9-F9588302AD8C}.Release|Any CPU.ActiveCfg = Release|Any CPU
		{24959DE4-F473-4B58-B7A9-F9588302AD8C}.Release|Any CPU.Build.0 = Release|Any CPU
		{1973EB2A-6073-4DE1-9E3A-30D36A758667}.Debug|Any CPU.ActiveCfg = Debug|Any CPU
		{1973EB2A-6073-4DE1-9E3A-30D36A758667}.Debug|Any CPU.Build.0 = Debug|Any CPU
		{1973EB2A-6073-4DE1-9E3A-30D36A758667}.Release|Any CPU.ActiveCfg = Release|Any CPU
		{1973EB2A-6073-4DE1-9E3A-30D36A758667}.Release|Any CPU.Build.0 = Release|Any CPU
		{AE2CC321-5EEA-4144-B9D1-69FF7AF852CC}.Debug|Any CPU.ActiveCfg = Debug|Any CPU
		{AE2CC321-5EEA-4144-B9D1-69FF7AF852CC}.Debug|Any CPU.Build.0 = Debug|Any CPU
		{AE2CC321-5EEA-4144-B9D1-69FF7AF852CC}.Release|Any CPU.ActiveCfg = Release|Any CPU
		{AE2CC321-5EEA-4144-B9D1-69FF7AF852CC}.Release|Any CPU.Build.0 = Release|Any CPU
		{EF56063A-44A7-4EC3-BA24-D9AECC8B7456}.Debug|Any CPU.ActiveCfg = Debug|Any CPU
		{EF56063A-44A7-4EC3-BA24-D9AECC8B7456}.Debug|Any CPU.Build.0 = Debug|Any CPU
		{EF56063A-44A7-4EC3-BA24-D9AECC8B7456}.Release|Any CPU.ActiveCfg = Release|Any CPU
		{EF56063A-44A7-4EC3-BA24-D9AECC8B7456}.Release|Any CPU.Build.0 = Release|Any CPU
	EndGlobalSection
	GlobalSection(SolutionProperties) = preSolution
		HideSolutionNode = FALSE
	EndGlobalSection
	GlobalSection(NestedProjects) = preSolution
		{2E7FB363-B263-4DB2-A853-B59143ED96FE} = {06F38116-4EDD-448B-949B-5505F21753BC}
		{F6B31420-1068-40C8-9121-744A770ED592} = {FB42C9CA-37BB-4E97-8BF1-8892D5300253}
		{B7B27F4F-8F84-4586-8982-699245A57BDD} = {AAA912A4-B6EC-48C1-B640-99A7109DB921}
		{5B397BD5-62E3-477A-BC99-83757CAAE0BC} = {B7B27F4F-8F84-4586-8982-699245A57BDD}
		{2957C93A-5910-47C7-AC53-73C962AF3F29} = {B7B27F4F-8F84-4586-8982-699245A57BDD}
		{601017AE-C74B-4F7D-B9E2-715E2EE21C80} = {B7B27F4F-8F84-4586-8982-699245A57BDD}
		{A07A8C07-20EE-4866-8D30-5B6724914CB9} = {A7F7FAF2-D0CB-4376-91EF-EFDDFE31F6CC}
		{FCD27660-AD00-4A5C-BD09-5AF45D515DBF} = {A7F7FAF2-D0CB-4376-91EF-EFDDFE31F6CC}
		{C2B2BC3F-8382-4DF9-B81B-18882C74BD9B} = {A7F7FAF2-D0CB-4376-91EF-EFDDFE31F6CC}
		{DA8AECA7-99BB-4D23-95B4-4B4FDCDD0E8E} = {6AC261D7-C871-4E48-AA2D-4FB4AEF11FD6}
		{32D3D244-5910-463A-AE0D-6DBAC7C9FCB7} = {6AC261D7-C871-4E48-AA2D-4FB4AEF11FD6}
		{3FF643B4-7F9A-43D1-9A24-852C5E544C6B} = {6AC261D7-C871-4E48-AA2D-4FB4AEF11FD6}
		{6F71F5B2-A21F-4DCA-903D-4EEFB87513EA} = {30739FC5-B428-4A21-9CCA-472C3F1D72CA}
		{D411E1A6-F041-4BD9-853A-7E57514F5C06} = {30739FC5-B428-4A21-9CCA-472C3F1D72CA}
		{0D03B05D-BE87-4283-B193-DD9E3AF31AC6} = {30739FC5-B428-4A21-9CCA-472C3F1D72CA}
		{D5881B4D-9FBF-44EE-98D3-C4AB08C4C025} = {3DF37918-6520-4AEC-BAF9-EB9A58FB63CD}
		{81801385-D8B1-4C5F-BE70-5517E9F5C92E} = {3DF37918-6520-4AEC-BAF9-EB9A58FB63CD}
		{24959DE4-F473-4B58-B7A9-F9588302AD8C} = {3DF37918-6520-4AEC-BAF9-EB9A58FB63CD}
		{1973EB2A-6073-4DE1-9E3A-30D36A758667} = {0E97A789-0ECC-4335-88C3-9033AC95E91D}
		{AE2CC321-5EEA-4144-B9D1-69FF7AF852CC} = {0E97A789-0ECC-4335-88C3-9033AC95E91D}
		{EF56063A-44A7-4EC3-BA24-D9AECC8B7456} = {0E97A789-0ECC-4335-88C3-9033AC95E91D}
	EndGlobalSection
	GlobalSection(ExtensibilityGlobals) = postSolution
		SolutionGuid = {8E598D7F-D7DF-44A1-8544-C15E84624ECB}
	EndGlobalSection
EndGlobal
